
Microsoft Visual Studio Solution File, Format Version 12.00
# Visual Studio 2013
VisualStudioVersion = 12.0.30501.0
MinimumVisualStudioVersion = 10.0.40219.1
Project("{FAE04EC0-301F-11D3-BF4B-00C04F79EFBC}") = "ContentPipeline", "ContentPipeline\ContentPipeline\ContentPipeline.csproj", "{EB08A509-C2AE-47CD-9A4C-3B8F3A205B32}"
EndProject
Project("{FAE04EC0-301F-11D3-BF4B-00C04F79EFBC}") = "ContentPipelineContent", "ContentPipeline\ContentPipelineContent\ContentPipelineContent.contentproj", "{75B6A50E-98B7-4647-ACB5-504CB0813520}"
EndProject
Global
	GlobalSection(SolutionConfigurationPlatforms) = preSolution
		Android|Any CPU = Android|Any CPU
		Android|Mixed Platforms = Android|Mixed Platforms
		Android|x86 = Android|x86
		Debug|Any CPU = Debug|Any CPU
		Debug|Mixed Platforms = Debug|Mixed Platforms
		Debug|x86 = Debug|x86
		iOS|Any CPU = iOS|Any CPU
		iOS|Mixed Platforms = iOS|Mixed Platforms
		iOS|x86 = iOS|x86
		Linux|Any CPU = Linux|Any CPU
		Linux|Mixed Platforms = Linux|Mixed Platforms
		Linux|x86 = Linux|x86
		OSX|Any CPU = OSX|Any CPU
		OSX|Mixed Platforms = OSX|Mixed Platforms
		OSX|x86 = OSX|x86
		PSM|Any CPU = PSM|Any CPU
		PSM|Mixed Platforms = PSM|Mixed Platforms
		PSM|x86 = PSM|x86
		Release|Any CPU = Release|Any CPU
		Release|Mixed Platforms = Release|Mixed Platforms
		Release|x86 = Release|x86
		Windows|Any CPU = Windows|Any CPU
		Windows|Mixed Platforms = Windows|Mixed Platforms
		Windows|x86 = Windows|x86
		Windows8|Any CPU = Windows8|Any CPU
		Windows8|Mixed Platforms = Windows8|Mixed Platforms
		Windows8|x86 = Windows8|x86
	EndGlobalSection
	GlobalSection(ProjectConfigurationPlatforms) = postSolution
		{EB08A509-C2AE-47CD-9A4C-3B8F3A205B32}.Android|Any CPU.ActiveCfg = Android|Any CPU
		{EB08A509-C2AE-47CD-9A4C-3B8F3A205B32}.Android|Any CPU.Build.0 = Android|Any CPU
		{EB08A509-C2AE-47CD-9A4C-3B8F3A205B32}.Android|Mixed Platforms.ActiveCfg = Android|Any CPU
		{EB08A509-C2AE-47CD-9A4C-3B8F3A205B32}.Android|Mixed Platforms.Build.0 = Android|Any CPU
		{EB08A509-C2AE-47CD-9A4C-3B8F3A205B32}.Android|x86.ActiveCfg = Android|Any CPU
		{EB08A509-C2AE-47CD-9A4C-3B8F3A205B32}.Debug|Any CPU.ActiveCfg = PSM|Any CPU
		{EB08A509-C2AE-47CD-9A4C-3B8F3A205B32}.Debug|Any CPU.Build.0 = PSM|Any CPU
		{EB08A509-C2AE-47CD-9A4C-3B8F3A205B32}.Debug|Mixed Platforms.ActiveCfg = PSM|Any CPU
		{EB08A509-C2AE-47CD-9A4C-3B8F3A205B32}.Debug|Mixed Platforms.Build.0 = PSM|Any CPU
		{EB08A509-C2AE-47CD-9A4C-3B8F3A205B32}.Debug|x86.ActiveCfg = PSM|Any CPU
		{EB08A509-C2AE-47CD-9A4C-3B8F3A205B32}.iOS|Any CPU.ActiveCfg = iOS|Any CPU
		{EB08A509-C2AE-47CD-9A4C-3B8F3A205B32}.iOS|Any CPU.Build.0 = iOS|Any CPU
		{EB08A509-C2AE-47CD-9A4C-3B8F3A205B32}.iOS|Mixed Platforms.ActiveCfg = iOS|Any CPU
		{EB08A509-C2AE-47CD-9A4C-3B8F3A205B32}.iOS|Mixed Platforms.Build.0 = iOS|Any CPU
		{EB08A509-C2AE-47CD-9A4C-3B8F3A205B32}.iOS|x86.ActiveCfg = iOS|Any CPU
		{EB08A509-C2AE-47CD-9A4C-3B8F3A205B32}.Linux|Any CPU.ActiveCfg = Linux|Any CPU
		{EB08A509-C2AE-47CD-9A4C-3B8F3A205B32}.Linux|Any CPU.Build.0 = Linux|Any CPU
		{EB08A509-C2AE-47CD-9A4C-3B8F3A205B32}.Linux|Mixed Platforms.ActiveCfg = Linux|Any CPU
		{EB08A509-C2AE-47CD-9A4C-3B8F3A205B32}.Linux|Mixed Platforms.Build.0 = Linux|Any CPU
		{EB08A509-C2AE-47CD-9A4C-3B8F3A205B32}.Linux|x86.ActiveCfg = Linux|Any CPU
		{EB08A509-C2AE-47CD-9A4C-3B8F3A205B32}.OSX|Any CPU.ActiveCfg = OSX|Any CPU
		{EB08A509-C2AE-47CD-9A4C-3B8F3A205B32}.OSX|Any CPU.Build.0 = OSX|Any CPU
		{EB08A509-C2AE-47CD-9A4C-3B8F3A205B32}.OSX|Mixed Platforms.ActiveCfg = OSX|Any CPU
		{EB08A509-C2AE-47CD-9A4C-3B8F3A205B32}.OSX|Mixed Platforms.Build.0 = OSX|Any CPU
		{EB08A509-C2AE-47CD-9A4C-3B8F3A205B32}.OSX|x86.ActiveCfg = OSX|Any CPU
		{EB08A509-C2AE-47CD-9A4C-3B8F3A205B32}.PSM|Any CPU.ActiveCfg = PSM|Any CPU
		{EB08A509-C2AE-47CD-9A4C-3B8F3A205B32}.PSM|Any CPU.Build.0 = PSM|Any CPU
		{EB08A509-C2AE-47CD-9A4C-3B8F3A205B32}.PSM|Mixed Platforms.ActiveCfg = PSM|Any CPU
		{EB08A509-C2AE-47CD-9A4C-3B8F3A205B32}.PSM|Mixed Platforms.Build.0 = PSM|Any CPU
		{EB08A509-C2AE-47CD-9A4C-3B8F3A205B32}.PSM|x86.ActiveCfg = PSM|Any CPU
		{EB08A509-C2AE-47CD-9A4C-3B8F3A205B32}.Release|Any CPU.ActiveCfg = PSM|Any CPU
		{EB08A509-C2AE-47CD-9A4C-3B8F3A205B32}.Release|Any CPU.Build.0 = PSM|Any CPU
		{EB08A509-C2AE-47CD-9A4C-3B8F3A205B32}.Release|Mixed Platforms.ActiveCfg = PSM|Any CPU
		{EB08A509-C2AE-47CD-9A4C-3B8F3A205B32}.Release|Mixed Platforms.Build.0 = PSM|Any CPU
		{EB08A509-C2AE-47CD-9A4C-3B8F3A205B32}.Release|x86.ActiveCfg = PSM|Any CPU
		{EB08A509-C2AE-47CD-9A4C-3B8F3A205B32}.Windows|Any CPU.ActiveCfg = Windows|Any CPU
		{EB08A509-C2AE-47CD-9A4C-3B8F3A205B32}.Windows|Any CPU.Build.0 = Windows|Any CPU
		{EB08A509-C2AE-47CD-9A4C-3B8F3A205B32}.Windows|Mixed Platforms.ActiveCfg = Windows|Any CPU
		{EB08A509-C2AE-47CD-9A4C-3B8F3A205B32}.Windows|Mixed Platforms.Build.0 = Windows|Any CPU
		{EB08A509-C2AE-47CD-9A4C-3B8F3A205B32}.Windows|x86.ActiveCfg = Windows|Any CPU
		{EB08A509-C2AE-47CD-9A4C-3B8F3A205B32}.Windows8|Any CPU.ActiveCfg = Windows8|Any CPU
		{EB08A509-C2AE-47CD-9A4C-3B8F3A205B32}.Windows8|Any CPU.Build.0 = Windows8|Any CPU
		{EB08A509-C2AE-47CD-9A4C-3B8F3A205B32}.Windows8|Mixed Platforms.ActiveCfg = Windows8|Any CPU
		{EB08A509-C2AE-47CD-9A4C-3B8F3A205B32}.Windows8|Mixed Platforms.Build.0 = Windows8|Any CPU
		{EB08A509-C2AE-47CD-9A4C-3B8F3A205B32}.Windows8|x86.ActiveCfg = Windows8|Any CPU
		{75B6A50E-98B7-4647-ACB5-504CB0813520}.Android|Any CPU.ActiveCfg = Android|Any CPU
		{75B6A50E-98B7-4647-ACB5-504CB0813520}.Android|Mixed Platforms.ActiveCfg = Android|Any CPU
		{75B6A50E-98B7-4647-ACB5-504CB0813520}.Android|x86.ActiveCfg = Android|Any CPU
		{75B6A50E-98B7-4647-ACB5-504CB0813520}.Debug|Any CPU.ActiveCfg = PSM|Any CPU
		{75B6A50E-98B7-4647-ACB5-504CB0813520}.Debug|Mixed Platforms.ActiveCfg = PSM|Any CPU
		{75B6A50E-98B7-4647-ACB5-504CB0813520}.Debug|x86.ActiveCfg = PSM|Any CPU
		{75B6A50E-98B7-4647-ACB5-504CB0813520}.iOS|Any CPU.ActiveCfg = iOS|Any CPU
		{75B6A50E-98B7-4647-ACB5-504CB0813520}.iOS|Mixed Platforms.ActiveCfg = iOS|Any CPU
		{75B6A50E-98B7-4647-ACB5-504CB0813520}.iOS|x86.ActiveCfg = iOS|Any CPU
		{75B6A50E-98B7-4647-ACB5-504CB0813520}.Linux|Any CPU.ActiveCfg = Linux|Any CPU
		{75B6A50E-98B7-4647-ACB5-504CB0813520}.Linux|Mixed Platforms.ActiveCfg = Linux|Any CPU
		{75B6A50E-98B7-4647-ACB5-504CB0813520}.Linux|x86.ActiveCfg = Linux|Any CPU
		{75B6A50E-98B7-4647-ACB5-504CB0813520}.OSX|Any CPU.ActiveCfg = OSX|Any CPU
		{75B6A50E-98B7-4647-ACB5-504CB0813520}.OSX|Mixed Platforms.ActiveCfg = OSX|Any CPU
		{75B6A50E-98B7-4647-ACB5-504CB0813520}.OSX|x86.ActiveCfg = OSX|Any CPU
		{75B6A50E-98B7-4647-ACB5-504CB0813520}.PSM|Any CPU.ActiveCfg = PSM|Any CPU
		{75B6A50E-98B7-4647-ACB5-504CB0813520}.PSM|Mixed Platforms.ActiveCfg = PSM|Any CPU
		{75B6A50E-98B7-4647-ACB5-504CB0813520}.PSM|x86.ActiveCfg = PSM|Any CPU
		{75B6A50E-98B7-4647-ACB5-504CB0813520}.Release|Any CPU.ActiveCfg = PSM|Any CPU
		{75B6A50E-98B7-4647-ACB5-504CB0813520}.Release|Mixed Platforms.ActiveCfg = PSM|Any CPU
		{75B6A50E-98B7-4647-ACB5-504CB0813520}.Release|x86.ActiveCfg = PSM|Any CPU
		{75B6A50E-98B7-4647-ACB5-504CB0813520}.Windows|Any CPU.ActiveCfg = Windows|Any CPU
		{75B6A50E-98B7-4647-ACB5-504CB0813520}.Windows|Mixed Platforms.ActiveCfg = Windows|Any CPU
		{75B6A50E-98B7-4647-ACB5-504CB0813520}.Windows|x86.ActiveCfg = Windows|Any CPU
		{75B6A50E-98B7-4647-ACB5-504CB0813520}.Windows8|Any CPU.ActiveCfg = Windows8|Any CPU
		{75B6A50E-98B7-4647-ACB5-504CB0813520}.Windows8|Mixed Platforms.ActiveCfg = Windows8|Any CPU
		{75B6A50E-98B7-4647-ACB5-504CB0813520}.Windows8|x86.ActiveCfg = Windows8|Any CPU
	EndGlobalSection
	GlobalSection(SolutionProperties) = preSolution
		HideSolutionNode = FALSE
	EndGlobalSection
EndGlobal
